// !$*UTF8*$!
{
	archiveVersion = 1;
	classes = {
	};
	objectVersion = 51;
	objects = {

/* Begin PBXBuildFile section */
		A34B8063263F29F200DD1654 /* AppDelegate.swift in Sources */ = {isa = PBXBuildFile; fileRef = A34B8062263F29F200DD1654 /* AppDelegate.swift */; };
		A34B8065263F29F200DD1654 /* SceneDelegate.swift in Sources */ = {isa = PBXBuildFile; fileRef = A34B8064263F29F200DD1654 /* SceneDelegate.swift */; };
		A34B8067263F29F200DD1654 /* ViewController.swift in Sources */ = {isa = PBXBuildFile; fileRef = A34B8066263F29F200DD1654 /* ViewController.swift */; };
		A34B806A263F29F200DD1654 /* Main.storyboard in Resources */ = {isa = PBXBuildFile; fileRef = A34B8068263F29F200DD1654 /* Main.storyboard */; };
		A34B806C263F29F600DD1654 /* Assets.xcassets in Resources */ = {isa = PBXBuildFile; fileRef = A34B806B263F29F600DD1654 /* Assets.xcassets */; };
		A34B806F263F29F600DD1654 /* LaunchScreen.storyboard in Resources */ = {isa = PBXBuildFile; fileRef = A34B806D263F29F600DD1654 /* LaunchScreen.storyboard */; };
		A34B807E263F3CE700DD1654 /* Screenshot1.png in Resources */ = {isa = PBXBuildFile; fileRef = A34B807C263F3CE700DD1654 /* Screenshot1.png */; };
		A34B807F263F3CE700DD1654 /* Screenshot2.png in Resources */ = {isa = PBXBuildFile; fileRef = A34B807D263F3CE700DD1654 /* Screenshot2.png */; };
		F580EB5DFDFD208D01089A49 /* Pods_SlideMenu.framework in Frameworks */ = {isa = PBXBuildFile; fileRef = C8C607F0A21F18F305CAEE88 /* Pods_SlideMenu.framework */; };
/* End PBXBuildFile section */

/* Begin PBXFileReference section */
		2082C8728EC02C285B92EC86 /* Pods-SlideMenu.debug.xcconfig */ = {isa = PBXFileReference; includeInIndex = 1; lastKnownFileType = text.xcconfig; name = "Pods-SlideMenu.debug.xcconfig"; path = "Target Support Files/Pods-SlideMenu/Pods-SlideMenu.debug.xcconfig"; sourceTree = "<group>"; };
		9AEC4EEE21AC77004BAC5BFA /* Pods-SlideMenu.release.xcconfig */ = {isa = PBXFileReference; includeInIndex = 1; lastKnownFileType = text.xcconfig; name = "Pods-SlideMenu.release.xcconfig"; path = "Target Support Files/Pods-SlideMenu/Pods-SlideMenu.release.xcconfig"; sourceTree = "<group>"; };
		A34B805F263F29F200DD1654 /* SlideMenu.app */ = {isa = PBXFileReference; explicitFileType = wrapper.application; includeInIndex = 0; path = SlideMenu.app; sourceTree = BUILT_PRODUCTS_DIR; };
		A34B8062263F29F200DD1654 /* AppDelegate.swift */ = {isa = PBXFileReference; lastKnownFileType = sourcecode.swift; path = AppDelegate.swift; sourceTree = "<group>"; };
		A34B8064263F29F200DD1654 /* SceneDelegate.swift */ = {isa = PBXFileReference; lastKnownFileType = sourcecode.swift; path = SceneDelegate.swift; sourceTree = "<group>"; };
		A34B8066263F29F200DD1654 /* ViewController.swift */ = {isa = PBXFileReference; lastKnownFileType = sourcecode.swift; path = ViewController.swift; sourceTree = "<group>"; };
		A34B8069263F29F200DD1654 /* Base */ = {isa = PBXFileReference; lastKnownFileType = file.storyboard; name = Base; path = Base.lproj/Main.storyboard; sourceTree = "<group>"; };
		A34B806B263F29F600DD1654 /* Assets.xcassets */ = {isa = PBXFileReference; lastKnownFileType = folder.assetcatalog; path = Assets.xcassets; sourceTree = "<group>"; };
		A34B806E263F29F600DD1654 /* Base */ = {isa = PBXFileReference; lastKnownFileType = file.storyboard; name = Base; path = Base.lproj/LaunchScreen.storyboard; sourceTree = "<group>"; };
		A34B8070263F29F600DD1654 /* Info.plist */ = {isa = PBXFileReference; lastKnownFileType = text.plist.xml; path = Info.plist; sourceTree = "<group>"; };
		A34B807C263F3CE700DD1654 /* Screenshot1.png */ = {isa = PBXFileReference; lastKnownFileType = image.png; path = Screenshot1.png; sourceTree = "<group>"; };
		A34B807D263F3CE700DD1654 /* Screenshot2.png */ = {isa = PBXFileReference; lastKnownFileType = image.png; path = Screenshot2.png; sourceTree = "<group>"; };
		C8C607F0A21F18F305CAEE88 /* Pods_SlideMenu.framework */ = {isa = PBXFileReference; explicitFileType = wrapper.framework; includeInIndex = 0; path = Pods_SlideMenu.framework; sourceTree = BUILT_PRODUCTS_DIR; };
/* End PBXFileReference section */

/* Begin PBXFrameworksBuildPhase section */
		A34B805C263F29F200DD1654 /* Frameworks */ = {
			isa = PBXFrameworksBuildPhase;
			buildActionMask = 2147483647;
			files = (
				F580EB5DFDFD208D01089A49 /* Pods_SlideMenu.framework in Frameworks */,
			);
			runOnlyForDeploymentPostprocessing = 0;
		};
/* End PBXFrameworksBuildPhase section */

/* Begin PBXGroup section */
		99F89F718C1D6635B24AFBB6 /* Pods */ = {
			isa = PBXGroup;
			children = (
				2082C8728EC02C285B92EC86 /* Pods-SlideMenu.debug.xcconfig */,
				9AEC4EEE21AC77004BAC5BFA /* Pods-SlideMenu.release.xcconfig */,
			);
			path = Pods;
			sourceTree = "<group>";
		};
		A34B8056263F29F200DD1654 = {
			isa = PBXGroup;
			children = (
				A34B8061263F29F200DD1654 /* SlideMenu */,
				A34B8060263F29F200DD1654 /* Products */,
				99F89F718C1D6635B24AFBB6 /* Pods */,
				AB6D936CD1CFEFB4A25BCF98 /* Frameworks */,
			);
			sourceTree = "<group>";
		};
		A34B8060263F29F200DD1654 /* Products */ = {
			isa = PBXGroup;
			children = (
				A34B805F263F29F200DD1654 /* SlideMenu.app */,
			);
			name = Products;
			sourceTree = "<group>";
		};
		A34B8061263F29F200DD1654 /* SlideMenu */ = {
			isa = PBXGroup;
			children = (
				A34B8062263F29F200DD1654 /* AppDelegate.swift */,
				A34B8064263F29F200DD1654 /* SceneDelegate.swift */,
				A34B8066263F29F200DD1654 /* ViewController.swift */,
				A34B8068263F29F200DD1654 /* Main.storyboard */,
				A34B806B263F29F600DD1654 /* Assets.xcassets */,
				A34B807B263F3CD000DD1654 /* Screenshots */,
				A34B806D263F29F600DD1654 /* LaunchScreen.storyboard */,
				A34B8070263F29F600DD1654 /* Info.plist */,
			);
			path = SlideMenu;
			sourceTree = "<group>";
		};
		A34B807B263F3CD000DD1654 /* Screenshots */ = {
			isa = PBXGroup;
			children = (
				A34B807C263F3CE700DD1654 /* Screenshot1.png */,
				A34B807D263F3CE700DD1654 /* Screenshot2.png */,
			);
			path = Screenshots;
			sourceTree = "<group>";
		};
		AB6D936CD1CFEFB4A25BCF98 /* Frameworks */ = {
			isa = PBXGroup;
			children = (
				C8C607F0A21F18F305CAEE88 /* Pods_SlideMenu.framework */,
			);
			name = Frameworks;
			sourceTree = "<group>";
		};
/* End PBXGroup section */

/* Begin PBXNativeTarget section */
		A34B805E263F29F200DD1654 /* SlideMenu */ = {
			isa = PBXNativeTarget;
			buildConfigurationList = A34B8073263F29F600DD1654 /* Build configuration list for PBXNativeTarget "SlideMenu" */;
			buildPhases = (
				7F6BA9A61654F27428518A74 /* [CP] Check Pods Manifest.lock */,
				A34B805B263F29F200DD1654 /* Sources */,
				A34B805C263F29F200DD1654 /* Frameworks */,
				A34B805D263F29F200DD1654 /* Resources */,
				9BD525FE3AE17A9A9AFD8BA0 /* [CP] Embed Pods Frameworks */,
			);
			buildRules = (
			);
			dependencies = (
			);
			name = SlideMenu;
			productName = SlideMenu;
			productReference = A34B805F263F29F200DD1654 /* SlideMenu.app */;
			productType = "com.apple.product-type.application";
		};
/* End PBXNativeTarget section */

/* Begin PBXProject section */
		A34B8057263F29F200DD1654 /* Project object */ = {
			isa = PBXProject;
			attributes = {
				LastSwiftUpdateCheck = 1240;
				LastUpgradeCheck = 1240;
				TargetAttributes = {
					A34B805E263F29F200DD1654 = {
						CreatedOnToolsVersion = 12.4;
					};
				};
			};
			buildConfigurationList = A34B805A263F29F200DD1654 /* Build configuration list for PBXProject "SlideMenu" */;
			compatibilityVersion = "Xcode 9.3";
			developmentRegion = en;
			hasScannedForEncodings = 0;
			knownRegions = (
				en,
				Base,
			);
			mainGroup = A34B8056263F29F200DD1654;
			productRefGroup = A34B8060263F29F200DD1654 /* Products */;
			projectDirPath = "";
			projectRoot = "";
			targets = (
				A34B805E263F29F200DD1654 /* SlideMenu */,
			);
		};
/* End PBXProject section */

/* Begin PBXResourcesBuildPhase section */
		A34B805D263F29F200DD1654 /* Resources */ = {
			isa = PBXResourcesBuildPhase;
			buildActionMask = 2147483647;
			files = (
				A34B807F263F3CE700DD1654 /* Screenshot2.png in Resources */,
				A34B806F263F29F600DD1654 /* LaunchScreen.storyboard in Resources */,
				A34B807E263F3CE700DD1654 /* Screenshot1.png in Resources */,
				A34B806C263F29F600DD1654 /* Assets.xcassets in Resources */,
				A34B806A263F29F200DD1654 /* Main.storyboard in Resources */,
			);
			runOnlyForDeploymentPostprocessing = 0;
		};
/* End PBXResourcesBuildPhase section */

/* Begin PBXShellScriptBuildPhase section */
		7F6BA9A61654F27428518A74 /* [CP] Check Pods Manifest.lock */ = {
			isa = PBXShellScriptBuildPhase;
			buildActionMask = 2147483647;
			files = (
			);
			inputFileListPaths = (
			);
			inputPaths = (
				"${PODS_PODFILE_DIR_PATH}/Podfile.lock",
				"${PODS_ROOT}/Manifest.lock",
			);
			name = "[CP] Check Pods Manifest.lock";
			outputFileListPaths = (
			);
			outputPaths = (
				"$(DERIVED_FILE_DIR)/Pods-SlideMenu-checkManifestLockResult.txt",
			);
			runOnlyForDeploymentPostprocessing = 0;
			shellPath = /bin/sh;
			shellScript = "diff \"${PODS_PODFILE_DIR_PATH}/Podfile.lock\" \"${PODS_ROOT}/Manifest.lock\" > /dev/null\nif [ $? != 0 ] ; then\n    # print error to STDERR\n    echo \"error: The sandbox is not in sync with the Podfile.lock. Run 'pod install' or update your CocoaPods installation.\" >&2\n    exit 1\nfi\n# This output is used by Xcode 'outputs' to avoid re-running this script phase.\necho \"SUCCESS\" > \"${SCRIPT_OUTPUT_FILE_0}\"\n";
			showEnvVarsInLog = 0;
		};
		9BD525FE3AE17A9A9AFD8BA0 /* [CP] Embed Pods Frameworks */ = {
			isa = PBXShellScriptBuildPhase;
			buildActionMask = 2147483647;
			files = (
			);
			inputFileListPaths = (
				"${PODS_ROOT}/Target Support Files/Pods-SlideMenu/Pods-SlideMenu-frameworks-${CONFIGURATION}-input-files.xcfilelist",
			);
			name = "[CP] Embed Pods Frameworks";
			outputFileListPaths = (
				"${PODS_ROOT}/Target Support Files/Pods-SlideMenu/Pods-SlideMenu-frameworks-${CONFIGURATION}-output-files.xcfilelist",
			);
			runOnlyForDeploymentPostprocessing = 0;
			shellPath = /bin/sh;
			shellScript = "\"${PODS_ROOT}/Target Support Files/Pods-SlideMenu/Pods-SlideMenu-frameworks.sh\"\n";
			showEnvVarsInLog = 0;
		};
/* End PBXShellScriptBuildPhase section */

/* Begin PBXSourcesBuildPhase section */
		A34B805B263F29F200DD1654 /* Sources */ = {
			isa = PBXSourcesBuildPhase;
			buildActionMask = 2147483647;
			files = (
				A34B8067263F29F200DD1654 /* ViewController.swift in Sources */,
				A34B8063263F29F200DD1654 /* AppDelegate.swift in Sources */,
				A34B8065263F29F200DD1654 /* SceneDelegate.swift in Sources */,
			);
			runOnlyForDeploymentPostprocessing = 0;
		};
/* End PBXSourcesBuildPhase section */

/* Begin PBXVariantGroup section */
		A34B8068263F29F200DD1654 /* Main.storyboard */ = {
			isa = PBXVariantGroup;
			children = (
				A34B8069263F29F200DD1654 /* Base */,
			);
			name = Main.storyboard;
			sourceTree = "<group>";
		};
		A34B806D263F29F600DD1654 /* LaunchScreen.storyboard */ = {
			isa = PBXVariantGroup;
			children = (
				A34B806E263F29F600DD1654 /* Base */,
			);
			name = LaunchScreen.storyboard;
			sourceTree = "<group>";
		};
/* End PBXVariantGroup section */

/* Begin XCBuildConfiguration section */
		A34B8071263F29F600DD1654 /* Debug */ = {
			isa = XCBuildConfiguration;
			buildSettings = {
				ALWAYS_SEARCH_USER_PATHS = NO;
				CLANG_ANALYZER_NONNULL = YES;
				CLANG_ANALYZER_NUMBER_OBJECT_CONVERSION = YES_AGGRESSIVE;
				CLANG_CXX_LANGUAGE_STANDARD = "gnu++14";
				CLANG_CXX_LIBRARY = "libc++";
				CLANG_ENABLE_MODULES = YES;
				CLANG_ENABLE_OBJC_ARC = YES;
				CLANG_ENABLE_OBJC_WEAK = YES;
				CLANG_WARN_BLOCK_CAPTURE_AUTORELEASING = YES;
				CLANG_WARN_BOOL_CONVERSION = YES;
				CLANG_WARN_COMMA = YES;
				CLANG_WARN_CONSTANT_CONVERSION = YES;
				CLANG_WARN_DEPRECATED_OBJC_IMPLEMENTATIONS = YES;
				CLANG_WARN_DIRECT_OBJC_ISA_USAGE = YES_ERROR;
				CLANG_WARN_DOCUMENTATION_COMMENTS = YES;
				CLANG_WARN_EMPTY_BODY = YES;
				CLANG_WARN_ENUM_CONVERSION = YES;
				CLANG_WARN_INFINITE_RECURSION = YES;
				CLANG_WARN_INT_CONVERSION = YES;
				CLANG_WARN_NON_LITERAL_NULL_CONVERSION = YES;
				CLANG_WARN_OBJC_IMPLICIT_RETAIN_SELF = YES;
				CLANG_WARN_OBJC_LITERAL_CONVERSION = YES;
				CLANG_WARN_OBJC_ROOT_CLASS = YES_ERROR;
				CLANG_WARN_QUOTED_INCLUDE_IN_FRAMEWORK_HEADER = YES;
				CLANG_WARN_RANGE_LOOP_ANALYSIS = YES;
				CLANG_WARN_STRICT_PROTOTYPES = YES;
				CLANG_WARN_SUSPICIOUS_MOVE = YES;
				CLANG_WARN_UNGUARDED_AVAILABILITY = YES_AGGRESSIVE;
				CLANG_WARN_UNREACHABLE_CODE = YES;
				CLANG_WARN__DUPLICATE_METHOD_MATCH = YES;
				COPY_PHASE_STRIP = NO;
				DEBUG_INFORMATION_FORMAT = dwarf;
				ENABLE_STRICT_OBJC_MSGSEND = YES;
				ENABLE_TESTABILITY = YES;
				GCC_C_LANGUAGE_STANDARD = gnu11;
				GCC_DYNAMIC_NO_PIC = NO;
				GCC_NO_COMMON_BLOCKS = YES;
				GCC_OPTIMIZATION_LEVEL = 0;
				GCC_PREPROCESSOR_DEFINITIONS = (
					"DEBUG=1",
					"$(inherited)",
				);
				GCC_WARN_64_TO_32_BIT_CONVERSION = YES;
				GCC_WARN_ABOUT_RETURN_TYPE = YES_ERROR;
				GCC_WARN_UNDECLARED_SELECTOR = YES;
				GCC_WARN_UNINITIALIZED_AUTOS = YES_AGGRESSIVE;
				GCC_WARN_UNUSED_FUNCTION = YES;
				GCC_WARN_UNUSED_VARIABLE = YES;
				IPHONEOS_DEPLOYMENT_TARGET = 14.4;
				MTL_ENABLE_DEBUG_INFO = INCLUDE_SOURCE;
				MTL_FAST_MATH = YES;
				ONLY_ACTIVE_ARCH = YES;
				SDKROOT = iphoneos;
				SWIFT_ACTIVE_COMPILATION_CONDITIONS = DEBUG;
				SWIFT_OPTIMIZATION_LEVEL = "-Onone";
			};
			name = Debug;
		};
		A34B8072263F29F600DD1654 /* Release */ = {
			isa = XCBuildConfiguration;
			buildSettings = {
				ALWAYS_SEARCH_USER_PATHS = NO;
				CLANG_ANALYZER_NONNULL = YES;
				CLANG_ANALYZER_NUMBER_OBJECT_CONVERSION = YES_AGGRESSIVE;
				CLANG_CXX_LANGUAGE_STANDARD = "gnu++14";
				CLANG_CXX_LIBRARY = "libc++";
				CLANG_ENABLE_MODULES = YES;
				CLANG_ENABLE_OBJC_ARC = YES;
				CLANG_ENABLE_OBJC_WEAK = YES;
				CLANG_WARN_BLOCK_CAPTURE_AUTORELEASING = YES;
				CLANG_WARN_BOOL_CONVERSION = YES;
				CLANG_WARN_COMMA = YES;
				CLANG_WARN_CONSTANT_CONVERSION = YES;
				CLANG_WARN_DEPRECATED_OBJC_IMPLEMENTATIONS = YES;
				CLANG_WARN_DIRECT_OBJC_ISA_USAGE = YES_ERROR;
				CLANG_WARN_DOCUMENTATION_COMMENTS = YES;
				CLANG_WARN_EMPTY_BODY = YES;
				CLANG_WARN_ENUM_CONVERSION = YES;
				CLANG_WARN_INFINITE_RECURSION = YES;
				CLANG_WARN_INT_CONVERSION = YES;
				CLANG_WARN_NON_LITERAL_NULL_CONVERSION = YES;
				CLANG_WARN_OBJC_IMPLICIT_RETAIN_SELF = YES;
				CLANG_WARN_OBJC_LITERAL_CONVERSION = YES;
				CLANG_WARN_OBJC_ROOT_CLASS = YES_ERROR;
				CLANG_WARN_QUOTED_INCLUDE_IN_FRAMEWORK_HEADER = YES;
				CLANG_WARN_RANGE_LOOP_ANALYSIS = YES;
				CLANG_WARN_STRICT_PROTOTYPES = YES;
				CLANG_WARN_SUSPICIOUS_MOVE = YES;
				CLANG_WARN_UNGUARDED_AVAILABILITY = YES_AGGRESSIVE;
				CLANG_WARN_UNREACHABLE_CODE = YES;
				CLANG_WARN__DUPLICATE_METHOD_MATCH = YES;
				COPY_PHASE_STRIP = NO;
				DEBUG_INFORMATION_FORMAT = "dwarf-with-dsym";
				ENABLE_NS_ASSERTIONS = NO;
				ENABLE_STRICT_OBJC_MSGSEND = YES;
				GCC_C_LANGUAGE_STANDARD = gnu11;
				GCC_NO_COMMON_BLOCKS = YES;
				GCC_WARN_64_TO_32_BIT_CONVERSION = YES;
				GCC_WARN_ABOUT_RETURN_TYPE = YES_ERROR;
				GCC_WARN_UNDECLARED_SELECTOR = YES;
				GCC_WARN_UNINITIALIZED_AUTOS = YES_AGGRESSIVE;
				GCC_WARN_UNUSED_FUNCTION = YES;
				GCC_WARN_UNUSED_VARIABLE = YES;
				IPHONEOS_DEPLOYMENT_TARGET = 14.4;
				MTL_ENABLE_DEBUG_INFO = NO;
				MTL_FAST_MATH = YES;
				SDKROOT = iphoneos;
				SWIFT_COMPILATION_MODE = wholemodule;
				SWIFT_OPTIMIZATION_LEVEL = "-O";
				VALIDATE_PRODUCT = YES;
			};
			name = Release;
		};
		A34B8074263F29F600DD1654 /* Debug */ = {
			isa = XCBuildConfiguration;
			baseConfigurationReference = 2082C8728EC02C285B92EC86 /* Pods-SlideMenu.debug.xcconfig */;
			buildSettings = {
				ASSETCATALOG_COMPILER_APPICON_NAME = AppIcon;
				ASSETCATALOG_COMPILER_GLOBAL_ACCENT_COLOR_NAME = AccentColor;
				CODE_SIGN_STYLE = Automatic;
				DEVELOPMENT_TEAM = GN62DQ3ZM4;
				INFOPLIST_FILE = SlideMenu/Info.plist;
				LD_RUNPATH_SEARCH_PATHS = (
					"$(inherited)",
					"@executable_path/Frameworks",
				);
				PRODUCT_BUNDLE_IDENTIFIER = VPorg.SlideMenu;
				PRODUCT_NAME = "$(TARGET_NAME)";
				SWIFT_VERSION = 5.0;
				TARGETED_DEVICE_FAMILY = "1,2";
			};
			name = Debug;
		};
		A34B8075263F29F600DD1654 /* Release */ = {
			isa = XCBuildConfiguration;
			baseConfigurationReference = 9AEC4EEE21AC77004BAC5BFA /* Pods-SlideMenu.release.xcconfig */;
			buildSettings = {
				ASSETCATALOG_COMPILER_APPICON_NAME = AppIcon;
				ASSETCATALOG_COMPILER_GLOBAL_ACCENT_COLOR_NAME = AccentColor;
				CODE_SIGN_STYLE = Automatic;
				DEVELOPMENT_TEAM = GN62DQ3ZM4;
				INFOPLIST_FILE = SlideMenu/Info.plist;
				LD_RUNPATH_SEARCH_PATHS = (
					"$(inherited)",
					"@executable_path/Frameworks",
				);
				PRODUCT_BUNDLE_IDENTIFIER = VPorg.SlideMenu;
				PRODUCT_NAME = "$(TARGET_NAME)";
				SWIFT_VERSION = 5.0;
				TARGETED_DEVICE_FAMILY = "1,2";
			};
			name = Release;
		};
/* End XCBuildConfiguration section */

/* Begin XCConfigurationList section */
		A34B805A263F29F200DD1654 /* Build configuration list for PBXProject "SlideMenu" */ = {
			isa = XCConfigurationList;
			buildConfigurations = (
				A34B8071263F29F600DD1654 /* Debug */,
				A34B8072263F29F600DD1654 /* Release */,
			);
			defaultConfigurationIsVisible = 0;
			defaultConfigurationName = Release;
		};
		A34B8073263F29F600DD1654 /* Build configuration list for PBXNativeTarget "SlideMenu" */ = {
			isa = XCConfigurationList;
			buildConfigurations = (
				A34B8074263F29F600DD1654 /* Debug */,
				A34B8075263F29F600DD1654 /* Release */,
			);
			defaultConfigurationIsVisible = 0;
			defaultConfigurationName = Release;
		};
/* End XCConfigurationList section */
	};
	rootObject = A34B8057263F29F200DD1654 /* Project object */;
}
